<?xml version="1.0" encoding="utf-8"?>
<Project ToolsVersion="4.0" xmlns="http://schemas.microsoft.com/developer/msbuild/2003">
  <ItemGroup>
    <ClCompile Include="main.cpp">
      <Filter>src</Filter>
    </ClCompile>
    <ClCompile Include="shader.cpp">
      <Filter>src</Filter>
    </ClCompile>
    <ClCompile Include="Character.cpp">
      <Filter>src</Filter>
    </ClCompile>
    <ClCompile Include="Scene.cpp">
      <Filter>src</Filter>
    </ClCompile>
    <ClCompile Include="CharacterTexturePack.cpp">
      <Filter>src</Filter>
    </ClCompile>
    <ClCompile Include="Projectile.cpp">
      <Filter>src</Filter>
    </ClCompile>
    <ClCompile Include="Healthbar.cpp">
      <Filter>src</Filter>
    </ClCompile>
  </ItemGroup>
  <ItemGroup>
    <ClInclude Include="Character.h">
      <Filter>include</Filter>
    </ClInclude>
    <ClInclude Include="Scene.h">
      <Filter>include</Filter>
    </ClInclude>
    <ClInclude Include="CharacterTexturePack.h">
      <Filter>include</Filter>
    </ClInclude>
    <ClInclude Include="Projectile.h">
      <Filter>include</Filter>
    </ClInclude>
    <ClInclude Include="ProjectileType.h">
      <Filter>include</Filter>
    </ClInclude>
    <ClInclude Include="CharacterType.h">
      <Filter>include</Filter>
    </ClInclude>
    <ClInclude Include="Healthbar.h">
      <Filter>include</Filter>
    </ClInclude>
    <ClInclude Include="stb_image.h">
      <Filter>include</Filter>
    </ClInclude>
  </ItemGroup>
  <ItemGroup>
    <None Include="TexturedObjectFragmentShader.fragmentshader">
      <Filter>shaders</Filter>
    </None>
    <None Include="TexturedObjectVertexShader.vertexshader">
      <Filter>shaders</Filter>
    </None>
    <None Include="ProjectilesVertexShader.vertexshader">
      <Filter>shaders</Filter>
    </None>
    <None Include="ProjectilesFragmentShader.fragmentshader">
      <Filter>shaders</Filter>
    </None>
    <None Include="HealthbarVertexShader.vertexshader">
      <Filter>shaders</Filter>
    </None>
    <None Include="HealthbarFragmentShader.fragmentshader">
      <Filter>shaders</Filter>
    </None>
  </ItemGroup>
  <ItemGroup>
    <Filter Include="assets">
      <UniqueIdentifier>{09a443ce-2de8-4bd0-8840-8ca64e9413df}</UniqueIdentifier>
    </Filter>
    <Filter Include="include">
      <UniqueIdentifier>{0447d8d7-bff5-4804-baf0-654c8d67ef04}</UniqueIdentifier>
    </Filter>
    <Filter Include="src">
      <UniqueIdentifier>{e3e58b40-f364-46cf-926c-f14aab952f45}</UniqueIdentifier>
    </Filter>
    <Filter Include="assets\scenes">
      <UniqueIdentifier>{3fa3aa3f-f553-4fba-b695-68e8b6dbf9f4}</UniqueIdentifier>
    </Filter>
    <Filter Include="assets\projectiles">
      <UniqueIdentifier>{0c46d9dd-661e-4644-9ce9-264634f5dbb5}</UniqueIdentifier>
    </Filter>
    <Filter Include="assets\main_character">
      <UniqueIdentifier>{3cf90a6e-e3df-4edc-86e8-fc63a7b5ee40}</UniqueIdentifier>
    </Filter>
    <Filter Include="assets\enemies">
      <UniqueIdentifier>{248874c3-209f-440d-9aea-143ab0b88461}</UniqueIdentifier>
    </Filter>
    <Filter Include="shaders">
      <UniqueIdentifier>{4f11e1d7-736d-47b8-8f0f-7f17d1d8bb9f}</UniqueIdentifier>
    </Filter>
  </ItemGroup>
  <ItemGroup>
    <Image Include="assets\scenes\EastScene.png">
      <Filter>assets\scenes</Filter>
    </Image>
    <Image Include="assets\scenes\MiddleScene.png">
      <Filter>assets\scenes</Filter>
    </Image>
    <Image Include="assets\scenes\NorthScene.png">
      <Filter>assets\scenes</Filter>
    </Image>
    <Image Include="assets\scenes\SouthScene.png">
      <Filter>assets\scenes</Filter>
    </Image>
    <Image Include="assets\scenes\WestScene.png">
      <Filter>assets\scenes</Filter>
    </Image>
    <Image Include="assets\projectiles\Fireball.png">
      <Filter>assets\projectiles</Filter>
    </Image>
    <Image Include="assets\projectiles\Fireblast.png">
      <Filter>assets\projectiles</Filter>
    </Image>
    <Image Include="assets\projectiles\Iceshard.png">
      <Filter>assets\projectiles</Filter>
    </Image>
    <Image Include="assets\main_character\MainHoldingGun.png">
      <Filter>assets\main_character</Filter>
    </Image>
    <Image Include="assets\main_character\MainWalkFirst.png">
      <Filter>assets\main_character</Filter>
    </Image>
    <Image Include="assets\main_character\MainWalkSecond.png">
      <Filter>assets\main_character</Filter>
    </Image>
    <Image Include="assets\enemies\EarthBoss.png">
      <Filter>assets\enemies</Filter>
    </Image>
    <Image Include="assets\enemies\LavaBoss.png">
      <Filter>assets\enemies</Filter>
    </Image>
    <Image Include="assets\enemies\IceBoss.png">
      <Filter>assets\enemies</Filter>
    </Image>
    <Image Include="assets\projectiles\Bullet.png">
      <Filter>assets\projectiles</Filter>
    </Image>
  </ItemGroup>
</Project>